lockfileVersion: 5.3

specifiers:
  camelcase-keys: ^7.0.1
  debug: ^4.3.3
  got: ^11.8.3
  has-ext: ^1.0.1
  lodash.filter: ^4.6.0
  p-map: ^5.3.0

dependencies:
  camelcase-keys: 7.0.1
  debug: 4.3.3
  got: 11.8.3
  has-ext: 1.0.1
  lodash.filter: 4.6.0
  p-map: 5.3.0

packages:

  /@sindresorhus/is/4.2.0:
    resolution: {integrity: sha1-Znv8YYaufJ4LRaCJYMVRQ3F24co=, tarball: '@sindresorhus/is/download/@sindresorhus/is-4.2.0.tgz'}
    engines: {node: '>=10'}
    dev: false

  /@szmarczak/http-timer/4.0.6:
    resolution: {integrity: sha1-tKkUu2LnwnLU5Zif5EQPgSqx2Ac=, tarball: '@szmarczak/http-timer/download/@szmarczak/http-timer-4.0.6.tgz'}
    engines: {node: '>=10'}
    dependencies:
      defer-to-connect: 2.0.1
    dev: false

  /@types/cacheable-request/6.0.2:
    resolution: {integrity: sha1-wyTaAZfeCpiiMSFWU2riYkKf9rk=, tarball: '@types/cacheable-request/download/@types/cacheable-request-6.0.2.tgz'}
    dependencies:
      '@types/http-cache-semantics': 4.0.1
      '@types/keyv': 3.1.3
      '@types/node': 16.11.11
      '@types/responselike': 1.0.0
    dev: false

  /@types/http-cache-semantics/4.0.1:
    resolution: {integrity: sha1-Dqe2FJaQK5WJDcTDoRa2DLja6BI=, tarball: '@types/http-cache-semantics/download/@types/http-cache-semantics-4.0.1.tgz'}
    dev: false

  /@types/keyv/3.1.3:
    resolution: {integrity: sha1-HJquMocuwfINza7omp87qI9GXkE=, tarball: '@types/keyv/download/@types/keyv-3.1.3.tgz'}
    dependencies:
      '@types/node': 16.11.11
    dev: false

  /@types/node/16.11.11:
    resolution: {integrity: sha512-KB0sixD67CeecHC33MYn+eYARkqTheIRNuu97y2XMjR7Wu3XibO1vaY6VBV6O/a89SPI81cEUIYT87UqUWlZNw==, tarball: '@types/node/download/@types/node-16.11.11.tgz'}
    dev: false

  /@types/responselike/1.0.0:
    resolution: {integrity: sha1-JR9P59FU0rrRJavhtCmyOv0mLik=, tarball: '@types/responselike/download/@types/responselike-1.0.0.tgz'}
    dependencies:
      '@types/node': 16.11.11
    dev: false

  /aggregate-error/4.0.0:
    resolution: {integrity: sha1-g9vbU6DVAHISgdIuGe7pvDUqic0=, tarball: aggregate-error/download/aggregate-error-4.0.0.tgz}
    engines: {node: '>=12'}
    dependencies:
      clean-stack: 4.1.0
      indent-string: 5.0.0
    dev: false

  /cacheable-lookup/5.0.4:
    resolution: {integrity: sha1-WmuGWyxENXvj1evCpGewMnGacAU=, tarball: cacheable-lookup/download/cacheable-lookup-5.0.4.tgz}
    engines: {node: '>=10.6.0'}
    dev: false

  /cacheable-request/7.0.2:
    resolution: {integrity: sha1-6g0LiJNkolhUdXMByhKy2nf5HSc=, tarball: cacheable-request/download/cacheable-request-7.0.2.tgz}
    engines: {node: '>=8'}
    dependencies:
      clone-response: 1.0.2
      get-stream: 5.2.0
      http-cache-semantics: 4.1.0
      keyv: 4.0.4
      lowercase-keys: 2.0.0
      normalize-url: 6.1.0
      responselike: 2.0.0
    dev: false

  /camelcase-keys/7.0.1:
    resolution: {integrity: sha1-Wlfm37P2x5KdrRVZnuRHan6aOy0=, tarball: camelcase-keys/download/camelcase-keys-7.0.1.tgz}
    engines: {node: '>=12'}
    dependencies:
      camelcase: 6.2.1
      map-obj: 4.3.0
      quick-lru: 5.1.1
      type-fest: 1.4.0
    dev: false

  /camelcase/6.2.1:
    resolution: {integrity: sha512-tVI4q5jjFV5CavAU8DXfza/TJcZutVKo/5Foskmsqcm0MsL91moHvwiGNnqaa2o6PF/7yT5ikDRcVcl8Rj6LCA==, tarball: camelcase/download/camelcase-6.2.1.tgz}
    engines: {node: '>=10'}
    dev: false

  /clean-stack/4.1.0:
    resolution: {integrity: sha1-XOWi/RmhKuzc6FcNrv3beslLa04=, tarball: clean-stack/download/clean-stack-4.1.0.tgz}
    engines: {node: '>=12'}
    dependencies:
      escape-string-regexp: 5.0.0
    dev: false

  /clone-response/1.0.2:
    resolution: {integrity: sha1-0dyXOSAxTfZ/vrlCI7TuNQI56Ws=, tarball: clone-response/download/clone-response-1.0.2.tgz}
    dependencies:
      mimic-response: 1.0.1
    dev: false

  /debug/4.3.3:
    resolution: {integrity: sha512-/zxw5+vh1Tfv+4Qn7a5nsbcJKPaSvCDhojn6FEl9vupwK2VCSDtEiEtqr8DFtzYFOdz63LBkxec7DYuc2jon6Q==, tarball: debug/download/debug-4.3.3.tgz}
    engines: {node: '>=6.0'}
    peerDependencies:
      supports-color: '*'
    peerDependenciesMeta:
      supports-color:
        optional: true
    dependencies:
      ms: 2.1.2
    dev: false

  /decompress-response/6.0.0:
    resolution: {integrity: sha1-yjh2Et234QS9FthaqwDV7PCcZvw=, tarball: decompress-response/download/decompress-response-6.0.0.tgz}
    engines: {node: '>=10'}
    dependencies:
      mimic-response: 3.1.0
    dev: false

  /defer-to-connect/2.0.1:
    resolution: {integrity: sha1-gBa9tBQ+RjK3ejRJxiNid95SBYc=, tarball: defer-to-connect/download/defer-to-connect-2.0.1.tgz}
    engines: {node: '>=10'}
    dev: false

  /end-of-stream/1.4.4:
    resolution: {integrity: sha1-WuZKX0UFe682JuwU2gyl5LJDHrA=, tarball: end-of-stream/download/end-of-stream-1.4.4.tgz}
    dependencies:
      once: 1.4.0
    dev: false

  /escape-string-regexp/5.0.0:
    resolution: {integrity: sha1-RoMSa1ALYXYvLb66zhgG6L4xscg=, tarball: escape-string-regexp/download/escape-string-regexp-5.0.0.tgz}
    engines: {node: '>=12'}
    dev: false

  /get-stream/5.2.0:
    resolution: {integrity: sha1-SWaheV7lrOZecGxLe+txJX1uItM=, tarball: get-stream/download/get-stream-5.2.0.tgz}
    engines: {node: '>=8'}
    dependencies:
      pump: 3.0.0
    dev: false

  /got/11.8.3:
    resolution: {integrity: sha512-7gtQ5KiPh1RtGS9/Jbv1ofDpBFuq42gyfEib+ejaRBJuj/3tQFeR5+gw57e4ipaU8c/rCjvX6fkQz2lyDlGAOg==, tarball: got/download/got-11.8.3.tgz}
    engines: {node: '>=10.19.0'}
    dependencies:
      '@sindresorhus/is': 4.2.0
      '@szmarczak/http-timer': 4.0.6
      '@types/cacheable-request': 6.0.2
      '@types/responselike': 1.0.0
      cacheable-lookup: 5.0.4
      cacheable-request: 7.0.2
      decompress-response: 6.0.0
      http2-wrapper: 1.0.3
      lowercase-keys: 2.0.0
      p-cancelable: 2.1.1
      responselike: 2.0.0
    dev: false

  /has-ext/1.0.1:
    resolution: {integrity: sha1-37btYiwuo3Nx4g8ccwGRKqwQXTs=, tarball: has-ext/download/has-ext-1.0.1.tgz}
    dev: false

  /http-cache-semantics/4.1.0:
    resolution: {integrity: sha1-SekcXL82yblLz81xwj1SSex045A=, tarball: http-cache-semantics/download/http-cache-semantics-4.1.0.tgz}
    dev: false

  /http2-wrapper/1.0.3:
    resolution: {integrity: sha1-uPVeDB8l1OvQizsMLAeflZCACz0=, tarball: http2-wrapper/download/http2-wrapper-1.0.3.tgz}
    engines: {node: '>=10.19.0'}
    dependencies:
      quick-lru: 5.1.1
      resolve-alpn: 1.2.1
    dev: false

  /indent-string/5.0.0:
    resolution: {integrity: sha1-T9KYD8yvhiLRTGTWlPTPM8gZUaU=, tarball: indent-string/download/indent-string-5.0.0.tgz}
    engines: {node: '>=12'}
    dev: false

  /json-buffer/3.0.1:
    resolution: {integrity: sha1-kziAKjDTtmBfvgYT4JQAjKjAWhM=, tarball: json-buffer/download/json-buffer-3.0.1.tgz}
    dev: false

  /keyv/4.0.4:
    resolution: {integrity: sha1-8ECyNuorBu0V7Yb774QH4aHI43Y=, tarball: keyv/download/keyv-4.0.4.tgz}
    dependencies:
      json-buffer: 3.0.1
    dev: false

  /lodash.filter/4.6.0:
    resolution: {integrity: sha1-ZosdSYFgOuHMWm+nYBQ+SAtMSs4=, tarball: lodash.filter/download/lodash.filter-4.6.0.tgz}
    dev: false

  /lowercase-keys/2.0.0:
    resolution: {integrity: sha1-JgPni3tLAAbLyi+8yKMgJVislHk=, tarball: lowercase-keys/download/lowercase-keys-2.0.0.tgz}
    engines: {node: '>=8'}
    dev: false

  /map-obj/4.3.0:
    resolution: {integrity: sha1-kwT5Buk/qucIgNoQKp8d8OqLsFo=, tarball: map-obj/download/map-obj-4.3.0.tgz}
    engines: {node: '>=8'}
    dev: false

  /mimic-response/1.0.1:
    resolution: {integrity: sha1-SSNTiHju9CBjy4o+OweYeBSHqxs=, tarball: mimic-response/download/mimic-response-1.0.1.tgz}
    engines: {node: '>=4'}
    dev: false

  /mimic-response/3.1.0:
    resolution: {integrity: sha1-LR1Zr5wbEpgVrMwsRqAipc4fo8k=, tarball: mimic-response/download/mimic-response-3.1.0.tgz}
    engines: {node: '>=10'}
    dev: false

  /ms/2.1.2:
    resolution: {integrity: sha1-0J0fNXtEP0kzgqjrPM0YOHKuYAk=, tarball: ms/download/ms-2.1.2.tgz}
    dev: false

  /normalize-url/6.1.0:
    resolution: {integrity: sha1-QNCIW1Nd7/4/MUe+yHfQX+TFZoo=, tarball: normalize-url/download/normalize-url-6.1.0.tgz}
    engines: {node: '>=10'}
    dev: false

  /once/1.4.0:
    resolution: {integrity: sha1-WDsap3WWHUsROsF9nFC6753Xa9E=, tarball: once/download/once-1.4.0.tgz}
    dependencies:
      wrappy: 1.0.2
    dev: false

  /p-cancelable/2.1.1:
    resolution: {integrity: sha1-qrf71BZYL6MqPbSYWcEiSHxe0s8=, tarball: p-cancelable/download/p-cancelable-2.1.1.tgz}
    engines: {node: '>=8'}
    dev: false

  /p-map/5.3.0:
    resolution: {integrity: sha1-IgSCO8nzfxfdyef0Rik8RTC4pM8=, tarball: p-map/download/p-map-5.3.0.tgz}
    engines: {node: '>=12'}
    dependencies:
      aggregate-error: 4.0.0
    dev: false

  /pump/3.0.0:
    resolution: {integrity: sha1-tKIRaBW94vTh6mAjVOjHVWUQemQ=, tarball: pump/download/pump-3.0.0.tgz}
    dependencies:
      end-of-stream: 1.4.4
      once: 1.4.0
    dev: false

  /quick-lru/5.1.1:
    resolution: {integrity: sha1-NmST5rPkKjpoheLpnRj4D7eoyTI=, tarball: quick-lru/download/quick-lru-5.1.1.tgz}
    engines: {node: '>=10'}
    dev: false

  /resolve-alpn/1.2.1:
    resolution: {integrity: sha1-t629rDVGqq7CC0Xn2CZZJwcnJvk=, tarball: resolve-alpn/download/resolve-alpn-1.2.1.tgz}
    dev: false

  /responselike/2.0.0:
    resolution: {integrity: sha1-JjkbzDF091D5p56sxAoSpcQtdyM=, tarball: responselike/download/responselike-2.0.0.tgz}
    dependencies:
      lowercase-keys: 2.0.0
    dev: false

  /type-fest/1.4.0:
    resolution: {integrity: sha1-6fuBP+O/F0TsNZ1V0a/++nbxS+E=, tarball: type-fest/download/type-fest-1.4.0.tgz}
    engines: {node: '>=10'}
    dev: false

  /wrappy/1.0.2:
    resolution: {integrity: sha1-tSQ9jz7BqjXxNkYFvA0QNuMKtp8=, tarball: wrappy/download/wrappy-1.0.2.tgz}
    dev: false
